// !$*UTF8*$!
{
	archiveVersion = 1;
	classes = {
	};
	objectVersion = 55;
	objects = {

/* Begin PBXBuildFile section */
		0D1F5BA828399E8400D6D824 /* DisherHackathonApp.swift in Sources */ = {isa = PBXBuildFile; fileRef = 0D1F5BA728399E8400D6D824 /* DisherHackathonApp.swift */; };
		0D1F5BAA28399E8400D6D824 /* ContentView.swift in Sources */ = {isa = PBXBuildFile; fileRef = 0D1F5BA928399E8400D6D824 /* ContentView.swift */; };
		0D1F5BAC28399E8700D6D824 /* Assets.xcassets in Resources */ = {isa = PBXBuildFile; fileRef = 0D1F5BAB28399E8700D6D824 /* Assets.xcassets */; };
		0D1F5BAF28399E8700D6D824 /* Preview Assets.xcassets in Resources */ = {isa = PBXBuildFile; fileRef = 0D1F5BAE28399E8700D6D824 /* Preview Assets.xcassets */; };
		0D1F5BB928399E8800D6D824 /* DisherHackathonTests.swift in Sources */ = {isa = PBXBuildFile; fileRef = 0D1F5BB828399E8800D6D824 /* DisherHackathonTests.swift */; };
		0D1F5BC328399E8800D6D824 /* DisherHackathonUITests.swift in Sources */ = {isa = PBXBuildFile; fileRef = 0D1F5BC228399E8800D6D824 /* DisherHackathonUITests.swift */; };
		0D1F5BC528399E8800D6D824 /* DisherHackathonUITestsLaunchTests.swift in Sources */ = {isa = PBXBuildFile; fileRef = 0D1F5BC428399E8800D6D824 /* DisherHackathonUITestsLaunchTests.swift */; };
		0D1F5BD42839AC0E00D6D824 /* Main.storyboard in Resources */ = {isa = PBXBuildFile; fileRef = 0D1F5BD32839AC0E00D6D824 /* Main.storyboard */; };
		0D1F5BD52839AC0E00D6D824 /* Main.storyboard in Resources */ = {isa = PBXBuildFile; fileRef = 0D1F5BD32839AC0E00D6D824 /* Main.storyboard */; };
		0D1F5BD62839AC0E00D6D824 /* Main.storyboard in Resources */ = {isa = PBXBuildFile; fileRef = 0D1F5BD32839AC0E00D6D824 /* Main.storyboard */; };
		130A39F8E63EFCB681F252E4 /* Pods_DisherHackathonTests.framework in Frameworks */ = {isa = PBXBuildFile; fileRef = 79CF3A78A8D358FAF6A59544 /* Pods_DisherHackathonTests.framework */; };
		DE0078C8D1278E116DF8640D /* Pods_DisherHackathon.framework in Frameworks */ = {isa = PBXBuildFile; fileRef = 41BA1BAF2D496CC9159591AE /* Pods_DisherHackathon.framework */; };
		F21AA99E1554A15183F2E4F9 /* Pods_DisherHackathon_DisherHackathonUITests.framework in Frameworks */ = {isa = PBXBuildFile; fileRef = E549AFE4060C6E5FDF8E58A2 /* Pods_DisherHackathon_DisherHackathonUITests.framework */; };
/* End PBXBuildFile section */

/* Begin PBXContainerItemProxy section */
		0D1F5BB528399E8800D6D824 /* PBXContainerItemProxy */ = {
			isa = PBXContainerItemProxy;
			containerPortal = 0D1F5B9C28399E8400D6D824 /* Project object */;
			proxyType = 1;
			remoteGlobalIDString = 0D1F5BA328399E8400D6D824;
			remoteInfo = DisherHackathon;
		};
		0D1F5BBF28399E8800D6D824 /* PBXContainerItemProxy */ = {
			isa = PBXContainerItemProxy;
			containerPortal = 0D1F5B9C28399E8400D6D824 /* Project object */;
			proxyType = 1;
			remoteGlobalIDString = 0D1F5BA328399E8400D6D824;
			remoteInfo = DisherHackathon;
		};
/* End PBXContainerItemProxy section */

/* Begin PBXFileReference section */
		0D1F5BA428399E8400D6D824 /* DisherHackathon.app */ = {isa = PBXFileReference; explicitFileType = wrapper.application; includeInIndex = 0; path = DisherHackathon.app; sourceTree = BUILT_PRODUCTS_DIR; };
		0D1F5BA728399E8400D6D824 /* DisherHackathonApp.swift */ = {isa = PBXFileReference; lastKnownFileType = sourcecode.swift; path = DisherHackathonApp.swift; sourceTree = "<group>"; };
		0D1F5BA928399E8400D6D824 /* ContentView.swift */ = {isa = PBXFileReference; lastKnownFileType = sourcecode.swift; path = ContentView.swift; sourceTree = "<group>"; xcLanguageSpecificationIdentifier = xcode.lang.simpleColoring; };
		0D1F5BAB28399E8700D6D824 /* Assets.xcassets */ = {isa = PBXFileReference; lastKnownFileType = folder.assetcatalog; path = Assets.xcassets; sourceTree = "<group>"; };
		0D1F5BAE28399E8700D6D824 /* Preview Assets.xcassets */ = {isa = PBXFileReference; lastKnownFileType = folder.assetcatalog; path = "Preview Assets.xcassets"; sourceTree = "<group>"; };
		0D1F5BB428399E8800D6D824 /* DisherHackathonTests.xctest */ = {isa = PBXFileReference; explicitFileType = wrapper.cfbundle; includeInIndex = 0; path = DisherHackathonTests.xctest; sourceTree = BUILT_PRODUCTS_DIR; };
		0D1F5BB828399E8800D6D824 /* DisherHackathonTests.swift */ = {isa = PBXFileReference; lastKnownFileType = sourcecode.swift; path = DisherHackathonTests.swift; sourceTree = "<group>"; };
		0D1F5BBE28399E8800D6D824 /* DisherHackathonUITests.xctest */ = {isa = PBXFileReference; explicitFileType = wrapper.cfbundle; includeInIndex = 0; path = DisherHackathonUITests.xctest; sourceTree = BUILT_PRODUCTS_DIR; };
		0D1F5BC228399E8800D6D824 /* DisherHackathonUITests.swift */ = {isa = PBXFileReference; lastKnownFileType = sourcecode.swift; path = DisherHackathonUITests.swift; sourceTree = "<group>"; };
		0D1F5BC428399E8800D6D824 /* DisherHackathonUITestsLaunchTests.swift */ = {isa = PBXFileReference; lastKnownFileType = sourcecode.swift; path = DisherHackathonUITestsLaunchTests.swift; sourceTree = "<group>"; };
		0D1F5BD32839AC0E00D6D824 /* Main.storyboard */ = {isa = PBXFileReference; lastKnownFileType = file.storyboard; path = Main.storyboard; sourceTree = "<group>"; };
		1D217D0C0F0E3C5E1939A102 /* Pods-DisherHackathonTests.release.xcconfig */ = {isa = PBXFileReference; includeInIndex = 1; lastKnownFileType = text.xcconfig; name = "Pods-DisherHackathonTests.release.xcconfig"; path = "Target Support Files/Pods-DisherHackathonTests/Pods-DisherHackathonTests.release.xcconfig"; sourceTree = "<group>"; };
		41BA1BAF2D496CC9159591AE /* Pods_DisherHackathon.framework */ = {isa = PBXFileReference; explicitFileType = wrapper.framework; includeInIndex = 0; path = Pods_DisherHackathon.framework; sourceTree = BUILT_PRODUCTS_DIR; };
		79CF3A78A8D358FAF6A59544 /* Pods_DisherHackathonTests.framework */ = {isa = PBXFileReference; explicitFileType = wrapper.framework; includeInIndex = 0; path = Pods_DisherHackathonTests.framework; sourceTree = BUILT_PRODUCTS_DIR; };
		839C88CA38CAFDEB3CDF92FB /* Pods-DisherHackathon.debug.xcconfig */ = {isa = PBXFileReference; includeInIndex = 1; lastKnownFileType = text.xcconfig; name = "Pods-DisherHackathon.debug.xcconfig"; path = "Target Support Files/Pods-DisherHackathon/Pods-DisherHackathon.debug.xcconfig"; sourceTree = "<group>"; };
		91E7B098582D114B884693E9 /* Pods-DisherHackathonTests.debug.xcconfig */ = {isa = PBXFileReference; includeInIndex = 1; lastKnownFileType = text.xcconfig; name = "Pods-DisherHackathonTests.debug.xcconfig"; path = "Target Support Files/Pods-DisherHackathonTests/Pods-DisherHackathonTests.debug.xcconfig"; sourceTree = "<group>"; };
		9E6131A5B5AFBC6008683433 /* Pods-DisherHackathon.release.xcconfig */ = {isa = PBXFileReference; includeInIndex = 1; lastKnownFileType = text.xcconfig; name = "Pods-DisherHackathon.release.xcconfig"; path = "Target Support Files/Pods-DisherHackathon/Pods-DisherHackathon.release.xcconfig"; sourceTree = "<group>"; };
		B60B76C28A28BBBA8BD78182 /* Pods-DisherHackathon-DisherHackathonUITests.debug.xcconfig */ = {isa = PBXFileReference; includeInIndex = 1; lastKnownFileType = text.xcconfig; name = "Pods-DisherHackathon-DisherHackathonUITests.debug.xcconfig"; path = "Target Support Files/Pods-DisherHackathon-DisherHackathonUITests/Pods-DisherHackathon-DisherHackathonUITests.debug.xcconfig"; sourceTree = "<group>"; };
		E549AFE4060C6E5FDF8E58A2 /* Pods_DisherHackathon_DisherHackathonUITests.framework */ = {isa = PBXFileReference; explicitFileType = wrapper.framework; includeInIndex = 0; path = Pods_DisherHackathon_DisherHackathonUITests.framework; sourceTree = BUILT_PRODUCTS_DIR; };
		F70D5E205E368C3C4BB47EE8 /* Pods-DisherHackathon-DisherHackathonUITests.release.xcconfig */ = {isa = PBXFileReference; includeInIndex = 1; lastKnownFileType = text.xcconfig; name = "Pods-DisherHackathon-DisherHackathonUITests.release.xcconfig"; path = "Target Support Files/Pods-DisherHackathon-DisherHackathonUITests/Pods-DisherHackathon-DisherHackathonUITests.release.xcconfig"; sourceTree = "<group>"; };
/* End PBXFileReference section */

/* Begin PBXFrameworksBuildPhase section */
		0D1F5BA128399E8400D6D824 /* Frameworks */ = {
			isa = PBXFrameworksBuildPhase;
			buildActionMask = 2147483647;
			files = (
				DE0078C8D1278E116DF8640D /* Pods_DisherHackathon.framework in Frameworks */,
			);
			runOnlyForDeploymentPostprocessing = 0;
		};
		0D1F5BB128399E8800D6D824 /* Frameworks */ = {
			isa = PBXFrameworksBuildPhase;
			buildActionMask = 2147483647;
			files = (
				130A39F8E63EFCB681F252E4 /* Pods_DisherHackathonTests.framework in Frameworks */,
			);
			runOnlyForDeploymentPostprocessing = 0;
		};
		0D1F5BBB28399E8800D6D824 /* Frameworks */ = {
			isa = PBXFrameworksBuildPhase;
			buildActionMask = 2147483647;
			files = (
				F21AA99E1554A15183F2E4F9 /* Pods_DisherHackathon_DisherHackathonUITests.framework in Frameworks */,
			);
			runOnlyForDeploymentPostprocessing = 0;
		};
/* End PBXFrameworksBuildPhase section */

/* Begin PBXGroup section */
		0D1F5B9B28399E8400D6D824 = {
			isa = PBXGroup;
			children = (
				0D1F5BA628399E8400D6D824 /* DisherHackathon */,
				0D1F5BB728399E8800D6D824 /* DisherHackathonTests */,
				0D1F5BC128399E8800D6D824 /* DisherHackathonUITests */,
				0D1F5BA528399E8400D6D824 /* Products */,
				C67B0A923B146948ABDDF574 /* Pods */,
				4B6DCC086457557A99726BD2 /* Frameworks */,
			);
			sourceTree = "<group>";
		};
		0D1F5BA528399E8400D6D824 /* Products */ = {
			isa = PBXGroup;
			children = (
				0D1F5BA428399E8400D6D824 /* DisherHackathon.app */,
				0D1F5BB428399E8800D6D824 /* DisherHackathonTests.xctest */,
				0D1F5BBE28399E8800D6D824 /* DisherHackathonUITests.xctest */,
			);
			name = Products;
			sourceTree = "<group>";
		};
		0D1F5BA628399E8400D6D824 /* DisherHackathon */ = {
			isa = PBXGroup;
			children = (
				0D1F5BA728399E8400D6D824 /* DisherHackathonApp.swift */,
				0D1F5BA928399E8400D6D824 /* ContentView.swift */,
				0D1F5BD32839AC0E00D6D824 /* Main.storyboard */,
				0D1F5BAB28399E8700D6D824 /* Assets.xcassets */,
				0D1F5BAD28399E8700D6D824 /* Preview Content */,
			);
			path = DisherHackathon;
			sourceTree = "<group>";
		};
		0D1F5BAD28399E8700D6D824 /* Preview Content */ = {
			isa = PBXGroup;
			children = (
				0D1F5BAE28399E8700D6D824 /* Preview Assets.xcassets */,
			);
			path = "Preview Content";
			sourceTree = "<group>";
		};
		0D1F5BB728399E8800D6D824 /* DisherHackathonTests */ = {
			isa = PBXGroup;
			children = (
				0D1F5BB828399E8800D6D824 /* DisherHackathonTests.swift */,
			);
			path = DisherHackathonTests;
			sourceTree = "<group>";
		};
		0D1F5BC128399E8800D6D824 /* DisherHackathonUITests */ = {
			isa = PBXGroup;
			children = (
				0D1F5BC228399E8800D6D824 /* DisherHackathonUITests.swift */,
				0D1F5BC428399E8800D6D824 /* DisherHackathonUITestsLaunchTests.swift */,
			);
			path = DisherHackathonUITests;
			sourceTree = "<group>";
		};
		4B6DCC086457557A99726BD2 /* Frameworks */ = {
			isa = PBXGroup;
			children = (
				41BA1BAF2D496CC9159591AE /* Pods_DisherHackathon.framework */,
				E549AFE4060C6E5FDF8E58A2 /* Pods_DisherHackathon_DisherHackathonUITests.framework */,
				79CF3A78A8D358FAF6A59544 /* Pods_DisherHackathonTests.framework */,
			);
			name = Frameworks;
			sourceTree = "<group>";
		};
		C67B0A923B146948ABDDF574 /* Pods */ = {
			isa = PBXGroup;
			children = (
				839C88CA38CAFDEB3CDF92FB /* Pods-DisherHackathon.debug.xcconfig */,
				9E6131A5B5AFBC6008683433 /* Pods-DisherHackathon.release.xcconfig */,
				B60B76C28A28BBBA8BD78182 /* Pods-DisherHackathon-DisherHackathonUITests.debug.xcconfig */,
				F70D5E205E368C3C4BB47EE8 /* Pods-DisherHackathon-DisherHackathonUITests.release.xcconfig */,
				91E7B098582D114B884693E9 /* Pods-DisherHackathonTests.debug.xcconfig */,
				1D217D0C0F0E3C5E1939A102 /* Pods-DisherHackathonTests.release.xcconfig */,
			);
			name = Pods;
			path = Pods;
			sourceTree = "<group>";
		};
/* End PBXGroup section */

/* Begin PBXNativeTarget section */
		0D1F5BA328399E8400D6D824 /* DisherHackathon */ = {
			isa = PBXNativeTarget;
			buildConfigurationList = 0D1F5BC828399E8800D6D824 /* Build configuration list for PBXNativeTarget "DisherHackathon" */;
			buildPhases = (
				EA0C046684EA3496EFBF3951 /* [CP] Check Pods Manifest.lock */,
				0D1F5BA028399E8400D6D824 /* Sources */,
				0D1F5BA128399E8400D6D824 /* Frameworks */,
				0D1F5BA228399E8400D6D824 /* Resources */,
				B45C6D69F4FFC92E09537DF0 /* [CP] Embed Pods Frameworks */,
			);
			buildRules = (
			);
			dependencies = (
			);
			name = DisherHackathon;
			productName = DisherHackathon;
			productReference = 0D1F5BA428399E8400D6D824 /* DisherHackathon.app */;
			productType = "com.apple.product-type.application";
		};
		0D1F5BB328399E8800D6D824 /* DisherHackathonTests */ = {
			isa = PBXNativeTarget;
			buildConfigurationList = 0D1F5BCB28399E8800D6D824 /* Build configuration list for PBXNativeTarget "DisherHackathonTests" */;
			buildPhases = (
				2F711031978F565AF247D969 /* [CP] Check Pods Manifest.lock */,
				0D1F5BB028399E8800D6D824 /* Sources */,
				0D1F5BB128399E8800D6D824 /* Frameworks */,
				0D1F5BB228399E8800D6D824 /* Resources */,
			);
			buildRules = (
			);
			dependencies = (
				0D1F5BB628399E8800D6D824 /* PBXTargetDependency */,
			);
			name = DisherHackathonTests;
			productName = DisherHackathonTests;
			productReference = 0D1F5BB428399E8800D6D824 /* DisherHackathonTests.xctest */;
			productType = "com.apple.product-type.bundle.unit-test";
		};
		0D1F5BBD28399E8800D6D824 /* DisherHackathonUITests */ = {
			isa = PBXNativeTarget;
			buildConfigurationList = 0D1F5BCE28399E8800D6D824 /* Build configuration list for PBXNativeTarget "DisherHackathonUITests" */;
			buildPhases = (
				1621902E2E7B75A3202A346C /* [CP] Check Pods Manifest.lock */,
				0D1F5BBA28399E8800D6D824 /* Sources */,
				0D1F5BBB28399E8800D6D824 /* Frameworks */,
				0D1F5BBC28399E8800D6D824 /* Resources */,
				723B16FE0C9D363B790240C0 /* [CP] Embed Pods Frameworks */,
			);
			buildRules = (
			);
			dependencies = (
				0D1F5BC028399E8800D6D824 /* PBXTargetDependency */,
			);
			name = DisherHackathonUITests;
			productName = DisherHackathonUITests;
			productReference = 0D1F5BBE28399E8800D6D824 /* DisherHackathonUITests.xctest */;
			productType = "com.apple.product-type.bundle.ui-testing";
		};
/* End PBXNativeTarget section */

/* Begin PBXProject section */
		0D1F5B9C28399E8400D6D824 /* Project object */ = {
			isa = PBXProject;
			attributes = {
				BuildIndependentTargetsInParallel = 1;
				LastSwiftUpdateCheck = 1340;
				LastUpgradeCheck = 1340;
				TargetAttributes = {
					0D1F5BA328399E8400D6D824 = {
						CreatedOnToolsVersion = 13.4;
					};
					0D1F5BB328399E8800D6D824 = {
						CreatedOnToolsVersion = 13.4;
						TestTargetID = 0D1F5BA328399E8400D6D824;
					};
					0D1F5BBD28399E8800D6D824 = {
						CreatedOnToolsVersion = 13.4;
						TestTargetID = 0D1F5BA328399E8400D6D824;
					};
				};
			};
			buildConfigurationList = 0D1F5B9F28399E8400D6D824 /* Build configuration list for PBXProject "DisherHackathon" */;
			compatibilityVersion = "Xcode 13.0";
			developmentRegion = en;
			hasScannedForEncodings = 0;
			knownRegions = (
				en,
				Base,
			);
			mainGroup = 0D1F5B9B28399E8400D6D824;
			productRefGroup = 0D1F5BA528399E8400D6D824 /* Products */;
			projectDirPath = "";
			projectRoot = "";
			targets = (
				0D1F5BA328399E8400D6D824 /* DisherHackathon */,
				0D1F5BB328399E8800D6D824 /* DisherHackathonTests */,
				0D1F5BBD28399E8800D6D824 /* DisherHackathonUITests */,
			);
		};
/* End PBXProject section */

/* Begin PBXResourcesBuildPhase section */
		0D1F5BA228399E8400D6D824 /* Resources */ = {
			isa = PBXResourcesBuildPhase;
			buildActionMask = 2147483647;
			files = (
				0D1F5BD42839AC0E00D6D824 /* Main.storyboard in Resources */,
				0D1F5BAF28399E8700D6D824 /* Preview Assets.xcassets in Resources */,
				0D1F5BAC28399E8700D6D824 /* Assets.xcassets in Resources */,
			);
			runOnlyForDeploymentPostprocessing = 0;
		};
		0D1F5BB228399E8800D6D824 /* Resources */ = {
			isa = PBXResourcesBuildPhase;
			buildActionMask = 2147483647;
			files = (
				0D1F5BD52839AC0E00D6D824 /* Main.storyboard in Resources */,
			);
			runOnlyForDeploymentPostprocessing = 0;
		};
		0D1F5BBC28399E8800D6D824 /* Resources */ = {
			isa = PBXResourcesBuildPhase;
			buildActionMask = 2147483647;
			files = (
				0D1F5BD62839AC0E00D6D824 /* Main.storyboard in Resources */,
			);
			runOnlyForDeploymentPostprocessing = 0;
		};
/* End PBXResourcesBuildPhase section */

/* Begin PBXShellScriptBuildPhase section */
		1621902E2E7B75A3202A346C /* [CP] Check Pods Manifest.lock */ = {
			isa = PBXShellScriptBuildPhase;
			buildActionMask = 2147483647;
			files = (
			);
			inputFileListPaths = (
			);
			inputPaths = (
				"${PODS_PODFILE_DIR_PATH}/Podfile.lock",
				"${PODS_ROOT}/Manifest.lock",
			);
			name = "[CP] Check Pods Manifest.lock";
			outputFileListPaths = (
			);
			outputPaths = (
				"$(DERIVED_FILE_DIR)/Pods-DisherHackathon-DisherHackathonUITests-checkManifestLockResult.txt",
			);
			runOnlyForDeploymentPostprocessing = 0;
			shellPath = /bin/sh;
			shellScript = "diff \"${PODS_PODFILE_DIR_PATH}/Podfile.lock\" \"${PODS_ROOT}/Manifest.lock\" > /dev/null\nif [ $? != 0 ] ; then\n    # print error to STDERR\n    echo \"error: The sandbox is not in sync with the Podfile.lock. Run 'pod install' or update your CocoaPods installation.\" >&2\n    exit 1\nfi\n# This output is used by Xcode 'outputs' to avoid re-running this script phase.\necho \"SUCCESS\" > \"${SCRIPT_OUTPUT_FILE_0}\"\n";
			showEnvVarsInLog = 0;
		};
		2F711031978F565AF247D969 /* [CP] Check Pods Manifest.lock */ = {
			isa = PBXShellScriptBuildPhase;
			buildActionMask = 2147483647;
			files = (
			);
			inputFileListPaths = (
			);
			inputPaths = (
				"${PODS_PODFILE_DIR_PATH}/Podfile.lock",
				"${PODS_ROOT}/Manifest.lock",
			);
			name = "[CP] Check Pods Manifest.lock";
			outputFileListPaths = (
			);
			outputPaths = (
				"$(DERIVED_FILE_DIR)/Pods-DisherHackathonTests-checkManifestLockResult.txt",
			);
			runOnlyForDeploymentPostprocessing = 0;
			shellPath = /bin/sh;
			shellScript = "diff \"${PODS_PODFILE_DIR_PATH}/Podfile.lock\" \"${PODS_ROOT}/Manifest.lock\" > /dev/null\nif [ $? != 0 ] ; then\n    # print error to STDERR\n    echo \"error: The sandbox is not in sync with the Podfile.lock. Run 'pod install' or update your CocoaPods installation.\" >&2\n    exit 1\nfi\n# This output is used by Xcode 'outputs' to avoid re-running this script phase.\necho \"SUCCESS\" > \"${SCRIPT_OUTPUT_FILE_0}\"\n";
			showEnvVarsInLog = 0;
		};
		723B16FE0C9D363B790240C0 /* [CP] Embed Pods Frameworks */ = {
			isa = PBXShellScriptBuildPhase;
			buildActionMask = 2147483647;
			files = (
			);
			inputFileListPaths = (
				"${PODS_ROOT}/Target Support Files/Pods-DisherHackathon-DisherHackathonUITests/Pods-DisherHackathon-DisherHackathonUITests-frameworks-${CONFIGURATION}-input-files.xcfilelist",
			);
			name = "[CP] Embed Pods Frameworks";
			outputFileListPaths = (
				"${PODS_ROOT}/Target Support Files/Pods-DisherHackathon-DisherHackathonUITests/Pods-DisherHackathon-DisherHackathonUITests-frameworks-${CONFIGURATION}-output-files.xcfilelist",
			);
			runOnlyForDeploymentPostprocessing = 0;
			shellPath = /bin/sh;
			shellScript = "\"${PODS_ROOT}/Target Support Files/Pods-DisherHackathon-DisherHackathonUITests/Pods-DisherHackathon-DisherHackathonUITests-frameworks.sh\"\n";
			showEnvVarsInLog = 0;
		};
		B45C6D69F4FFC92E09537DF0 /* [CP] Embed Pods Frameworks */ = {
			isa = PBXShellScriptBuildPhase;
			buildActionMask = 2147483647;
			files = (
			);
			inputFileListPaths = (
				"${PODS_ROOT}/Target Support Files/Pods-DisherHackathon/Pods-DisherHackathon-frameworks-${CONFIGURATION}-input-files.xcfilelist",
			);
			name = "[CP] Embed Pods Frameworks";
			outputFileListPaths = (
				"${PODS_ROOT}/Target Support Files/Pods-DisherHackathon/Pods-DisherHackathon-frameworks-${CONFIGURATION}-output-files.xcfilelist",
			);
			runOnlyForDeploymentPostprocessing = 0;
			shellPath = /bin/sh;
			shellScript = "\"${PODS_ROOT}/Target Support Files/Pods-DisherHackathon/Pods-DisherHackathon-frameworks.sh\"\n";
			showEnvVarsInLog = 0;
		};
		EA0C046684EA3496EFBF3951 /* [CP] Check Pods Manifest.lock */ = {
			isa = PBXShellScriptBuildPhase;
			buildActionMask = 2147483647;
			files = (
			);
			inputFileListPaths = (
			);
			inputPaths = (
				"${PODS_PODFILE_DIR_PATH}/Podfile.lock",
				"${PODS_ROOT}/Manifest.lock",
			);
			name = "[CP] Check Pods Manifest.lock";
			outputFileListPaths = (
			);
			outputPaths = (
				"$(DERIVED_FILE_DIR)/Pods-DisherHackathon-checkManifestLockResult.txt",
			);
			runOnlyForDeploymentPostprocessing = 0;
			shellPath = /bin/sh;
			shellScript = "diff \"${PODS_PODFILE_DIR_PATH}/Podfile.lock\" \"${PODS_ROOT}/Manifest.lock\" > /dev/null\nif [ $? != 0 ] ; then\n    # print error to STDERR\n    echo \"error: The sandbox is not in sync with the Podfile.lock. Run 'pod install' or update your CocoaPods installation.\" >&2\n    exit 1\nfi\n# This output is used by Xcode 'outputs' to avoid re-running this script phase.\necho \"SUCCESS\" > \"${SCRIPT_OUTPUT_FILE_0}\"\n";
			showEnvVarsInLog = 0;
		};
/* End PBXShellScriptBuildPhase section */

/* Begin PBXSourcesBuildPhase section */
		0D1F5BA028399E8400D6D824 /* Sources */ = {
			isa = PBXSourcesBuildPhase;
			buildActionMask = 2147483647;
			files = (
				0D1F5BAA28399E8400D6D824 /* ContentView.swift in Sources */,
				0D1F5BA828399E8400D6D824 /* DisherHackathonApp.swift in Sources */,
			);
			runOnlyForDeploymentPostprocessing = 0;
		};
		0D1F5BB028399E8800D6D824 /* Sources */ = {
			isa = PBXSourcesBuildPhase;
			buildActionMask = 2147483647;
			files = (
				0D1F5BB928399E8800D6D824 /* DisherHackathonTests.swift in Sources */,
			);
			runOnlyForDeploymentPostprocessing = 0;
		};
		0D1F5BBA28399E8800D6D824 /* Sources */ = {
			isa = PBXSourcesBuildPhase;
			buildActionMask = 2147483647;
			files = (
				0D1F5BC328399E8800D6D824 /* DisherHackathonUITests.swift in Sources */,
				0D1F5BC528399E8800D6D824 /* DisherHackathonUITestsLaunchTests.swift in Sources */,
			);
			runOnlyForDeploymentPostprocessing = 0;
		};
/* End PBXSourcesBuildPhase section */

/* Begin PBXTargetDependency section */
		0D1F5BB628399E8800D6D824 /* PBXTargetDependency */ = {
			isa = PBXTargetDependency;
			target = 0D1F5BA328399E8400D6D824 /* DisherHackathon */;
			targetProxy = 0D1F5BB528399E8800D6D824 /* PBXContainerItemProxy */;
		};
		0D1F5BC028399E8800D6D824 /* PBXTargetDependency */ = {
			isa = PBXTargetDependency;
			target = 0D1F5BA328399E8400D6D824 /* DisherHackathon */;
			targetProxy = 0D1F5BBF28399E8800D6D824 /* PBXContainerItemProxy */;
		};
/* End PBXTargetDependency section */

/* Begin XCBuildConfiguration section */
		0D1F5BC628399E8800D6D824 /* Debug */ = {
			isa = XCBuildConfiguration;
			buildSettings = {
				ALWAYS_SEARCH_USER_PATHS = NO;
				CLANG_ANALYZER_NONNULL = YES;
				CLANG_ANALYZER_NUMBER_OBJECT_CONVERSION = YES_AGGRESSIVE;
				CLANG_CXX_LANGUAGE_STANDARD = "gnu++17";
				CLANG_ENABLE_MODULES = YES;
				CLANG_ENABLE_OBJC_ARC = YES;
				CLANG_ENABLE_OBJC_WEAK = YES;
				CLANG_WARN_BLOCK_CAPTURE_AUTORELEASING = YES;
				CLANG_WARN_BOOL_CONVERSION = YES;
				CLANG_WARN_COMMA = YES;
				CLANG_WARN_CONSTANT_CONVERSION = YES;
				CLANG_WARN_DEPRECATED_OBJC_IMPLEMENTATIONS = YES;
				CLANG_WARN_DIRECT_OBJC_ISA_USAGE = YES_ERROR;
				CLANG_WARN_DOCUMENTATION_COMMENTS = YES;
				CLANG_WARN_EMPTY_BODY = YES;
				CLANG_WARN_ENUM_CONVERSION = YES;
				CLANG_WARN_INFINITE_RECURSION = YES;
				CLANG_WARN_INT_CONVERSION = YES;
				CLANG_WARN_NON_LITERAL_NULL_CONVERSION = YES;
				CLANG_WARN_OBJC_IMPLICIT_RETAIN_SELF = YES;
				CLANG_WARN_OBJC_LITERAL_CONVERSION = YES;
				CLANG_WARN_OBJC_ROOT_CLASS = YES_ERROR;
				CLANG_WARN_QUOTED_INCLUDE_IN_FRAMEWORK_HEADER = YES;
				CLANG_WARN_RANGE_LOOP_ANALYSIS = YES;
				CLANG_WARN_STRICT_PROTOTYPES = YES;
				CLANG_WARN_SUSPICIOUS_MOVE = YES;
				CLANG_WARN_UNGUARDED_AVAILABILITY = YES_AGGRESSIVE;
				CLANG_WARN_UNREACHABLE_CODE = YES;
				CLANG_WARN__DUPLICATE_METHOD_MATCH = YES;
				COPY_PHASE_STRIP = NO;
				DEBUG_INFORMATION_FORMAT = dwarf;
				ENABLE_STRICT_OBJC_MSGSEND = YES;
				ENABLE_TESTABILITY = YES;
				GCC_C_LANGUAGE_STANDARD = gnu11;
				GCC_DYNAMIC_NO_PIC = NO;
				GCC_NO_COMMON_BLOCKS = YES;
				GCC_OPTIMIZATION_LEVEL = 0;
				GCC_PREPROCESSOR_DEFINITIONS = (
					"DEBUG=1",
					"$(inherited)",
				);
				GCC_WARN_64_TO_32_BIT_CONVERSION = YES;
				GCC_WARN_ABOUT_RETURN_TYPE = YES_ERROR;
				GCC_WARN_UNDECLARED_SELECTOR = YES;
				GCC_WARN_UNINITIALIZED_AUTOS = YES_AGGRESSIVE;
				GCC_WARN_UNUSED_FUNCTION = YES;
				GCC_WARN_UNUSED_VARIABLE = YES;
				IPHONEOS_DEPLOYMENT_TARGET = 15.5;
				MTL_ENABLE_DEBUG_INFO = INCLUDE_SOURCE;
				MTL_FAST_MATH = YES;
				ONLY_ACTIVE_ARCH = YES;
				SDKROOT = iphoneos;
				SWIFT_ACTIVE_COMPILATION_CONDITIONS = DEBUG;
				SWIFT_OPTIMIZATION_LEVEL = "-Onone";
			};
			name = Debug;
		};
		0D1F5BC728399E8800D6D824 /* Release */ = {
			isa = XCBuildConfiguration;
			buildSettings = {
				ALWAYS_SEARCH_USER_PATHS = NO;
				CLANG_ANALYZER_NONNULL = YES;
				CLANG_ANALYZER_NUMBER_OBJECT_CONVERSION = YES_AGGRESSIVE;
				CLANG_CXX_LANGUAGE_STANDARD = "gnu++17";
				CLANG_ENABLE_MODULES = YES;
				CLANG_ENABLE_OBJC_ARC = YES;
				CLANG_ENABLE_OBJC_WEAK = YES;
				CLANG_WARN_BLOCK_CAPTURE_AUTORELEASING = YES;
				CLANG_WARN_BOOL_CONVERSION = YES;
				CLANG_WARN_COMMA = YES;
				CLANG_WARN_CONSTANT_CONVERSION = YES;
				CLANG_WARN_DEPRECATED_OBJC_IMPLEMENTATIONS = YES;
				CLANG_WARN_DIRECT_OBJC_ISA_USAGE = YES_ERROR;
				CLANG_WARN_DOCUMENTATION_COMMENTS = YES;
				CLANG_WARN_EMPTY_BODY = YES;
				CLANG_WARN_ENUM_CONVERSION = YES;
				CLANG_WARN_INFINITE_RECURSION = YES;
				CLANG_WARN_INT_CONVERSION = YES;
				CLANG_WARN_NON_LITERAL_NULL_CONVERSION = YES;
				CLANG_WARN_OBJC_IMPLICIT_RETAIN_SELF = YES;
				CLANG_WARN_OBJC_LITERAL_CONVERSION = YES;
				CLANG_WARN_OBJC_ROOT_CLASS = YES_ERROR;
				CLANG_WARN_QUOTED_INCLUDE_IN_FRAMEWORK_HEADER = YES;
				CLANG_WARN_RANGE_LOOP_ANALYSIS = YES;
				CLANG_WARN_STRICT_PROTOTYPES = YES;
				CLANG_WARN_SUSPICIOUS_MOVE = YES;
				CLANG_WARN_UNGUARDED_AVAILABILITY = YES_AGGRESSIVE;
				CLANG_WARN_UNREACHABLE_CODE = YES;
				CLANG_WARN__DUPLICATE_METHOD_MATCH = YES;
				COPY_PHASE_STRIP = NO;
				DEBUG_INFORMATION_FORMAT = "dwarf-with-dsym";
				ENABLE_NS_ASSERTIONS = NO;
				ENABLE_STRICT_OBJC_MSGSEND = YES;
				GCC_C_LANGUAGE_STANDARD = gnu11;
				GCC_NO_COMMON_BLOCKS = YES;
				GCC_WARN_64_TO_32_BIT_CONVERSION = YES;
				GCC_WARN_ABOUT_RETURN_TYPE = YES_ERROR;
				GCC_WARN_UNDECLARED_SELECTOR = YES;
				GCC_WARN_UNINITIALIZED_AUTOS = YES_AGGRESSIVE;
				GCC_WARN_UNUSED_FUNCTION = YES;
				GCC_WARN_UNUSED_VARIABLE = YES;
				IPHONEOS_DEPLOYMENT_TARGET = 15.5;
				MTL_ENABLE_DEBUG_INFO = NO;
				MTL_FAST_MATH = YES;
				SDKROOT = iphoneos;
				SWIFT_COMPILATION_MODE = wholemodule;
				SWIFT_OPTIMIZATION_LEVEL = "-O";
				VALIDATE_PRODUCT = YES;
			};
			name = Release;
		};
		0D1F5BC928399E8800D6D824 /* Debug */ = {
			isa = XCBuildConfiguration;
			baseConfigurationReference = 839C88CA38CAFDEB3CDF92FB /* Pods-DisherHackathon.debug.xcconfig */;
			buildSettings = {
				ASSETCATALOG_COMPILER_APPICON_NAME = AppIcon;
				ASSETCATALOG_COMPILER_GLOBAL_ACCENT_COLOR_NAME = AccentColor;
				CODE_SIGN_STYLE = Automatic;
				CURRENT_PROJECT_VERSION = 1;
				DEVELOPMENT_ASSET_PATHS = "\"DisherHackathon/Preview Content\"";
				DEVELOPMENT_TEAM = VVMUSD2S75;
				ENABLE_PREVIEWS = YES;
				GENERATE_INFOPLIST_FILE = YES;
				INFOPLIST_KEY_UIApplicationSceneManifest_Generation = YES;
				INFOPLIST_KEY_UIApplicationSupportsIndirectInputEvents = YES;
				INFOPLIST_KEY_UILaunchScreen_Generation = YES;
				INFOPLIST_KEY_UISupportedInterfaceOrientations_iPad = "UIInterfaceOrientationPortrait UIInterfaceOrientationPortraitUpsideDown UIInterfaceOrientationLandscapeLeft UIInterfaceOrientationLandscapeRight";
				INFOPLIST_KEY_UISupportedInterfaceOrientations_iPhone = "UIInterfaceOrientationPortrait UIInterfaceOrientationLandscapeLeft UIInterfaceOrientationLandscapeRight";
				LD_RUNPATH_SEARCH_PATHS = (
					"$(inherited)",
					"@executable_path/Frameworks",
				);
				MARKETING_VERSION = 1.0;
				PRODUCT_BUNDLE_IDENTIFIER = DisherLLC.DisherHackathon;
				PRODUCT_NAME = "$(TARGET_NAME)";
				SWIFT_EMIT_LOC_STRINGS = YES;
				SWIFT_VERSION = 5.0;
				TARGETED_DEVICE_FAMILY = "1,2";
			};
			name = Debug;
		};
		0D1F5BCA28399E8800D6D824 /* Release */ = {
			isa = XCBuildConfiguration;
			baseConfigurationReference = 9E6131A5B5AFBC6008683433 /* Pods-DisherHackathon.release.xcconfig */;
			buildSettings = {
				ASSETCATALOG_COMPILER_APPICON_NAME = AppIcon;
				ASSETCATALOG_COMPILER_GLOBAL_ACCENT_COLOR_NAME = AccentColor;
				CODE_SIGN_STYLE = Automatic;
				CURRENT_PROJECT_VERSION = 1;
				DEVELOPMENT_ASSET_PATHS = "\"DisherHackathon/Preview Content\"";
				DEVELOPMENT_TEAM = VVMUSD2S75;
				ENABLE_PREVIEWS = YES;
				GENERATE_INFOPLIST_FILE = YES;
				INFOPLIST_KEY_UIApplicationSceneManifest_Generation = YES;
				INFOPLIST_KEY_UIApplicationSupportsIndirectInputEvents = YES;
				INFOPLIST_KEY_UILaunchScreen_Generation = YES;
				INFOPLIST_KEY_UISupportedInterfaceOrientations_iPad = "UIInterfaceOrientationPortrait UIInterfaceOrientationPortraitUpsideDown UIInterfaceOrientationLandscapeLeft UIInterfaceOrientationLandscapeRight";
				INFOPLIST_KEY_UISupportedInterfaceOrientations_iPhone = "UIInterfaceOrientationPortrait UIInterfaceOrientationLandscapeLeft UIInterfaceOrientationLandscapeRight";
				LD_RUNPATH_SEARCH_PATHS = (
					"$(inherited)",
					"@executable_path/Frameworks",
				);
				MARKETING_VERSION = 1.0;
				PRODUCT_BUNDLE_IDENTIFIER = DisherLLC.DisherHackathon;
				PRODUCT_NAME = "$(TARGET_NAME)";
				SWIFT_EMIT_LOC_STRINGS = YES;
				SWIFT_VERSION = 5.0;
				TARGETED_DEVICE_FAMILY = "1,2";
			};
			name = Release;
		};
		0D1F5BCC28399E8800D6D824 /* Debug */ = {
			isa = XCBuildConfiguration;
			baseConfigurationReference = 91E7B098582D114B884693E9 /* Pods-DisherHackathonTests.debug.xcconfig */;
			buildSettings = {
				ALWAYS_EMBED_SWIFT_STANDARD_LIBRARIES = YES;
				BUNDLE_LOADER = "$(TEST_HOST)";
				CODE_SIGN_STYLE = Automatic;
				CURRENT_PROJECT_VERSION = 1;
				DEVELOPMENT_TEAM = VVMUSD2S75;
				GENERATE_INFOPLIST_FILE = YES;
				IPHONEOS_DEPLOYMENT_TARGET = 15.5;
				MARKETING_VERSION = 1.0;
				PRODUCT_BUNDLE_IDENTIFIER = DisherLLC.DisherHackathonTests;
				PRODUCT_NAME = "$(TARGET_NAME)";
				SWIFT_EMIT_LOC_STRINGS = NO;
				SWIFT_VERSION = 5.0;
				TARGETED_DEVICE_FAMILY = "1,2";
				TEST_HOST = "$(BUILT_PRODUCTS_DIR)/DisherHackathon.app/DisherHackathon";
			};
			name = Debug;
		};
		0D1F5BCD28399E8800D6D824 /* Release */ = {
			isa = XCBuildConfiguration;
			baseConfigurationReference = 1D217D0C0F0E3C5E1939A102 /* Pods-DisherHackathonTests.release.xcconfig */;
			buildSettings = {
				ALWAYS_EMBED_SWIFT_STANDARD_LIBRARIES = YES;
				BUNDLE_LOADER = "$(TEST_HOST)";
				CODE_SIGN_STYLE = Automatic;
				CURRENT_PROJECT_VERSION = 1;
				DEVELOPMENT_TEAM = VVMUSD2S75;
				GENERATE_INFOPLIST_FILE = YES;
				IPHONEOS_DEPLOYMENT_TARGET = 15.5;
				MARKETING_VERSION = 1.0;
				PRODUCT_BUNDLE_IDENTIFIER = DisherLLC.DisherHackathonTests;
				PRODUCT_NAME = "$(TARGET_NAME)";
				SWIFT_EMIT_LOC_STRINGS = NO;
				SWIFT_VERSION = 5.0;
				TARGETED_DEVICE_FAMILY = "1,2";
				TEST_HOST = "$(BUILT_PRODUCTS_DIR)/DisherHackathon.app/DisherHackathon";
			};
			name = Release;
		};
		0D1F5BCF28399E8800D6D824 /* Debug */ = {
			isa = XCBuildConfiguration;
			baseConfigurationReference = B60B76C28A28BBBA8BD78182 /* Pods-DisherHackathon-DisherHackathonUITests.debug.xcconfig */;
			buildSettings = {
				ALWAYS_EMBED_SWIFT_STANDARD_LIBRARIES = YES;
				CODE_SIGN_STYLE = Automatic;
				CURRENT_PROJECT_VERSION = 1;
				DEVELOPMENT_TEAM = VVMUSD2S75;
				GENERATE_INFOPLIST_FILE = YES;
				MARKETING_VERSION = 1.0;
				PRODUCT_BUNDLE_IDENTIFIER = DisherLLC.DisherHackathonUITests;
				PRODUCT_NAME = "$(TARGET_NAME)";
				SWIFT_EMIT_LOC_STRINGS = NO;
				SWIFT_VERSION = 5.0;
				TARGETED_DEVICE_FAMILY = "1,2";
				TEST_TARGET_NAME = DisherHackathon;
			};
			name = Debug;
		};
		0D1F5BD028399E8800D6D824 /* Release */ = {
			isa = XCBuildConfiguration;
			baseConfigurationReference = F70D5E205E368C3C4BB47EE8 /* Pods-DisherHackathon-DisherHackathonUITests.release.xcconfig */;
			buildSettings = {
				ALWAYS_EMBED_SWIFT_STANDARD_LIBRARIES = YES;
				CODE_SIGN_STYLE = Automatic;
				CURRENT_PROJECT_VERSION = 1;
				DEVELOPMENT_TEAM = VVMUSD2S75;
				GENERATE_INFOPLIST_FILE = YES;
				MARKETING_VERSION = 1.0;
				PRODUCT_BUNDLE_IDENTIFIER = DisherLLC.DisherHackathonUITests;
				PRODUCT_NAME = "$(TARGET_NAME)";
				SWIFT_EMIT_LOC_STRINGS = NO;
				SWIFT_VERSION = 5.0;
				TARGETED_DEVICE_FAMILY = "1,2";
				TEST_TARGET_NAME = DisherHackathon;
			};
			name = Release;
		};
/* End XCBuildConfiguration section */

/* Begin XCConfigurationList section */
		0D1F5B9F28399E8400D6D824 /* Build configuration list for PBXProject "DisherHackathon" */ = {
			isa = XCConfigurationList;
			buildConfigurations = (
				0D1F5BC628399E8800D6D824 /* Debug */,
				0D1F5BC728399E8800D6D824 /* Release */,
			);
			defaultConfigurationIsVisible = 0;
			defaultConfigurationName = Release;
		};
		0D1F5BC828399E8800D6D824 /* Build configuration list for PBXNativeTarget "DisherHackathon" */ = {
			isa = XCConfigurationList;
			buildConfigurations = (
				0D1F5BC928399E8800D6D824 /* Debug */,
				0D1F5BCA28399E8800D6D824 /* Release */,
			);
			defaultConfigurationIsVisible = 0;
			defaultConfigurationName = Release;
		};
		0D1F5BCB28399E8800D6D824 /* Build configuration list for PBXNativeTarget "DisherHackathonTests" */ = {
			isa = XCConfigurationList;
			buildConfigurations = (
				0D1F5BCC28399E8800D6D824 /* Debug */,
				0D1F5BCD28399E8800D6D824 /* Release */,
			);
			defaultConfigurationIsVisible = 0;
			defaultConfigurationName = Release;
		};
		0D1F5BCE28399E8800D6D824 /* Build configuration list for PBXNativeTarget "DisherHackathonUITests" */ = {
			isa = XCConfigurationList;
			buildConfigurations = (
				0D1F5BCF28399E8800D6D824 /* Debug */,
				0D1F5BD028399E8800D6D824 /* Release */,
			);
			defaultConfigurationIsVisible = 0;
			defaultConfigurationName = Release;
		};
/* End XCConfigurationList section */
	};
	rootObject = 0D1F5B9C28399E8400D6D824 /* Project object */;
}
